
Microsoft Visual Studio Solution File, Format Version 12.00
# Visual Studio Version 16
VisualStudioVersion = 16.0.30523.141
MinimumVisualStudioVersion = 10.0.40219.1
Project("{9A19103F-16F7-4668-BE54-9A1E7A4F7556}") = "SaberStudio.Desktop", "SaberStudio.Desktop\SaberStudio.Desktop.csproj", "{C66C82DA-892A-408C-98DA-64BC2C41D788}"
EndProject
Project("{9A19103F-16F7-4668-BE54-9A1E7A4F7556}") = "SaberStudio.Services.BeatSaver", "SaberStudio.Services.BeatSaver\SaberStudio.Services.BeatSaver.csproj", "{DF72BF2F-FC94-4B96-A503-01A294880F80}"
EndProject
Project("{2150E333-8FDC-42A3-9474-1A3956D46DE8}") = "Services", "Services", "{21B117D7-1A77-4E1C-A946-BBD8C1D06C15}"
EndProject
Project("{2150E333-8FDC-42A3-9474-1A3956D46DE8}") = "Modules", "Modules", "{E7CFEBE0-3319-43FD-861F-C4502B732B17}"
EndProject
Project("{2150E333-8FDC-42A3-9474-1A3956D46DE8}") = "Core", "Core", "{DDB3F841-4B0E-44EF-AF8F-8D9A83AE4E24}"
EndProject
Project("{9A19103F-16F7-4668-BE54-9A1E7A4F7556}") = "SaberStudio.Core", "SaberStudio.Core\SaberStudio.Core.csproj", "{0EECF8B0-B510-4479-9265-923D7A6FB61B}"
EndProject
Project("{9A19103F-16F7-4668-BE54-9A1E7A4F7556}") = "SaberStudio.Services.Steam", "SaberStudio.Services.Steam\SaberStudio.Services.Steam.csproj", "{62CCB20C-9B90-403E-946C-74CA6BD1CEA3}"
EndProject
Project("{9A19103F-16F7-4668-BE54-9A1E7A4F7556}") = "SaberStudio.Services.BeatSaber", "SaberStudio.Services.BeatSaber\SaberStudio.Services.BeatSaber.csproj", "{BC9F8E8B-9DC5-4170-8509-F5221CDF27D5}"
EndProject
Project("{9A19103F-16F7-4668-BE54-9A1E7A4F7556}") = "SaberStudio.Modules.Browser", "SaberStudio.Modules.Browser\SaberStudio.Modules.Browser.csproj", "{E99ED981-5B03-4246-87E3-258A7B3FA4D6}"
EndProject
Project("{9A19103F-16F7-4668-BE54-9A1E7A4F7556}") = "SaberStudio.Services.BeatMods", "SaberStudio.Services.BeatMods\SaberStudio.Services.BeatMods.csproj", "{283794D7-5D17-44A8-8745-C15748DAC5BB}"
EndProject
Project("{9A19103F-16F7-4668-BE54-9A1E7A4F7556}") = "SaberStudio.Modules.Library", "SaberStudio.Modules.Library\SaberStudio.Modules.Library.csproj", "{9071CE03-13A9-4BBC-9BD0-F6102984CEAD}"
EndProject
Project("{9A19103F-16F7-4668-BE54-9A1E7A4F7556}") = "SaberStudio.Services.Bsipa", "SaberStudio.Services.Bsipa\SaberStudio.Services.Bsipa.csproj", "{605912EF-CE35-478E-89A5-EFD377E71BEA}"
EndProject
Project("{9A19103F-16F7-4668-BE54-9A1E7A4F7556}") = "SaberStudio.UI", "SaberStudio.UI\SaberStudio.UI.csproj", "{E3B965C2-4BBE-4845-9C8A-25A7D6DDE9FA}"
EndProject
Project("{9A19103F-16F7-4668-BE54-9A1E7A4F7556}") = "SaberStudio.Core.Resources", "SaberStudio.Core.Resources\SaberStudio.Core.Resources.csproj", "{72C20493-90A0-4441-88CC-2F0A1FAC4394}"
EndProject
Project("{2150E333-8FDC-42A3-9474-1A3956D46DE8}") = "Desktop", "Desktop", "{19959C75-BA41-4842-861D-AA38A23AD105}"
EndProject
Project("{FAE04EC0-301F-11D3-BF4B-00C04F79EFBC}") = "SaberStudio.Services.Settings", "SaberStudio.Services.Settings\SaberStudio.Services.Settings.csproj", "{2C0DA8EC-0FDD-4944-9B33-FAAE7F09109B}"
EndProject
Global
	GlobalSection(SolutionConfigurationPlatforms) = preSolution
		Debug|Any CPU = Debug|Any CPU
		Release|Any CPU = Release|Any CPU
	EndGlobalSection
	GlobalSection(ProjectConfigurationPlatforms) = postSolution
		{C66C82DA-892A-408C-98DA-64BC2C41D788}.Debug|Any CPU.ActiveCfg = Debug|Any CPU
		{C66C82DA-892A-408C-98DA-64BC2C41D788}.Debug|Any CPU.Build.0 = Debug|Any CPU
		{C66C82DA-892A-408C-98DA-64BC2C41D788}.Release|Any CPU.ActiveCfg = Release|Any CPU
		{C66C82DA-892A-408C-98DA-64BC2C41D788}.Release|Any CPU.Build.0 = Release|Any CPU
		{DF72BF2F-FC94-4B96-A503-01A294880F80}.Debug|Any CPU.ActiveCfg = Debug|Any CPU
		{DF72BF2F-FC94-4B96-A503-01A294880F80}.Debug|Any CPU.Build.0 = Debug|Any CPU
		{DF72BF2F-FC94-4B96-A503-01A294880F80}.Release|Any CPU.ActiveCfg = Release|Any CPU
		{DF72BF2F-FC94-4B96-A503-01A294880F80}.Release|Any CPU.Build.0 = Release|Any CPU
		{0EECF8B0-B510-4479-9265-923D7A6FB61B}.Debug|Any CPU.ActiveCfg = Debug|Any CPU
		{0EECF8B0-B510-4479-9265-923D7A6FB61B}.Debug|Any CPU.Build.0 = Debug|Any CPU
		{0EECF8B0-B510-4479-9265-923D7A6FB61B}.Release|Any CPU.ActiveCfg = Release|Any CPU
		{0EECF8B0-B510-4479-9265-923D7A6FB61B}.Release|Any CPU.Build.0 = Release|Any CPU
		{62CCB20C-9B90-403E-946C-74CA6BD1CEA3}.Debug|Any CPU.ActiveCfg = Debug|Any CPU
		{62CCB20C-9B90-403E-946C-74CA6BD1CEA3}.Debug|Any CPU.Build.0 = Debug|Any CPU
		{62CCB20C-9B90-403E-946C-74CA6BD1CEA3}.Release|Any CPU.ActiveCfg = Release|Any CPU
		{62CCB20C-9B90-403E-946C-74CA6BD1CEA3}.Release|Any CPU.Build.0 = Release|Any CPU
		{BC9F8E8B-9DC5-4170-8509-F5221CDF27D5}.Debug|Any CPU.ActiveCfg = Debug|Any CPU
		{BC9F8E8B-9DC5-4170-8509-F5221CDF27D5}.Debug|Any CPU.Build.0 = Debug|Any CPU
		{BC9F8E8B-9DC5-4170-8509-F5221CDF27D5}.Release|Any CPU.ActiveCfg = Release|Any CPU
		{BC9F8E8B-9DC5-4170-8509-F5221CDF27D5}.Release|Any CPU.Build.0 = Release|Any CPU
		{E99ED981-5B03-4246-87E3-258A7B3FA4D6}.Debug|Any CPU.ActiveCfg = Debug|Any CPU
		{E99ED981-5B03-4246-87E3-258A7B3FA4D6}.Debug|Any CPU.Build.0 = Debug|Any CPU
		{E99ED981-5B03-4246-87E3-258A7B3FA4D6}.Release|Any CPU.ActiveCfg = Release|Any CPU
		{E99ED981-5B03-4246-87E3-258A7B3FA4D6}.Release|Any CPU.Build.0 = Release|Any CPU
		{283794D7-5D17-44A8-8745-C15748DAC5BB}.Debug|Any CPU.ActiveCfg = Debug|Any CPU
		{283794D7-5D17-44A8-8745-C15748DAC5BB}.Debug|Any CPU.Build.0 = Debug|Any CPU
		{283794D7-5D17-44A8-8745-C15748DAC5BB}.Release|Any CPU.ActiveCfg = Release|Any CPU
		{283794D7-5D17-44A8-8745-C15748DAC5BB}.Release|Any CPU.Build.0 = Release|Any CPU
		{9071CE03-13A9-4BBC-9BD0-F6102984CEAD}.Debug|Any CPU.ActiveCfg = Debug|Any CPU
		{9071CE03-13A9-4BBC-9BD0-F6102984CEAD}.Debug|Any CPU.Build.0 = Debug|Any CPU
		{9071CE03-13A9-4BBC-9BD0-F6102984CEAD}.Release|Any CPU.ActiveCfg = Release|Any CPU
		{9071CE03-13A9-4BBC-9BD0-F6102984CEAD}.Release|Any CPU.Build.0 = Release|Any CPU
		{605912EF-CE35-478E-89A5-EFD377E71BEA}.Debug|Any CPU.ActiveCfg = Debug|Any CPU
		{605912EF-CE35-478E-89A5-EFD377E71BEA}.Debug|Any CPU.Build.0 = Debug|Any CPU
		{605912EF-CE35-478E-89A5-EFD377E71BEA}.Release|Any CPU.ActiveCfg = Release|Any CPU
		{605912EF-CE35-478E-89A5-EFD377E71BEA}.Release|Any CPU.Build.0 = Release|Any CPU
		{E3B965C2-4BBE-4845-9C8A-25A7D6DDE9FA}.Debug|Any CPU.ActiveCfg = Debug|Any CPU
		{E3B965C2-4BBE-4845-9C8A-25A7D6DDE9FA}.Debug|Any CPU.Build.0 = Debug|Any CPU
		{E3B965C2-4BBE-4845-9C8A-25A7D6DDE9FA}.Release|Any CPU.ActiveCfg = Release|Any CPU
		{E3B965C2-4BBE-4845-9C8A-25A7D6DDE9FA}.Release|Any CPU.Build.0 = Release|Any CPU
		{72C20493-90A0-4441-88CC-2F0A1FAC4394}.Debug|Any CPU.ActiveCfg = Debug|Any CPU
		{72C20493-90A0-4441-88CC-2F0A1FAC4394}.Debug|Any CPU.Build.0 = Debug|Any CPU
		{72C20493-90A0-4441-88CC-2F0A1FAC4394}.Release|Any CPU.ActiveCfg = Release|Any CPU
		{72C20493-90A0-4441-88CC-2F0A1FAC4394}.Release|Any CPU.Build.0 = Release|Any CPU
		{2C0DA8EC-0FDD-4944-9B33-FAAE7F09109B}.Debug|Any CPU.ActiveCfg = Debug|Any CPU
		{2C0DA8EC-0FDD-4944-9B33-FAAE7F09109B}.Debug|Any CPU.Build.0 = Debug|Any CPU
		{2C0DA8EC-0FDD-4944-9B33-FAAE7F09109B}.Release|Any CPU.ActiveCfg = Release|Any CPU
		{2C0DA8EC-0FDD-4944-9B33-FAAE7F09109B}.Release|Any CPU.Build.0 = Release|Any CPU
	EndGlobalSection
	GlobalSection(SolutionProperties) = preSolution
		HideSolutionNode = FALSE
	EndGlobalSection
	GlobalSection(NestedProjects) = preSolution
		{C66C82DA-892A-408C-98DA-64BC2C41D788} = {19959C75-BA41-4842-861D-AA38A23AD105}
		{DF72BF2F-FC94-4B96-A503-01A294880F80} = {21B117D7-1A77-4E1C-A946-BBD8C1D06C15}
		{0EECF8B0-B510-4479-9265-923D7A6FB61B} = {DDB3F841-4B0E-44EF-AF8F-8D9A83AE4E24}
		{62CCB20C-9B90-403E-946C-74CA6BD1CEA3} = {21B117D7-1A77-4E1C-A946-BBD8C1D06C15}
		{BC9F8E8B-9DC5-4170-8509-F5221CDF27D5} = {21B117D7-1A77-4E1C-A946-BBD8C1D06C15}
		{E99ED981-5B03-4246-87E3-258A7B3FA4D6} = {E7CFEBE0-3319-43FD-861F-C4502B732B17}
		{283794D7-5D17-44A8-8745-C15748DAC5BB} = {21B117D7-1A77-4E1C-A946-BBD8C1D06C15}
		{9071CE03-13A9-4BBC-9BD0-F6102984CEAD} = {E7CFEBE0-3319-43FD-861F-C4502B732B17}
		{605912EF-CE35-478E-89A5-EFD377E71BEA} = {21B117D7-1A77-4E1C-A946-BBD8C1D06C15}
		{E3B965C2-4BBE-4845-9C8A-25A7D6DDE9FA} = {19959C75-BA41-4842-861D-AA38A23AD105}
		{72C20493-90A0-4441-88CC-2F0A1FAC4394} = {DDB3F841-4B0E-44EF-AF8F-8D9A83AE4E24}
		{2C0DA8EC-0FDD-4944-9B33-FAAE7F09109B} = {21B117D7-1A77-4E1C-A946-BBD8C1D06C15}
	EndGlobalSection
	GlobalSection(ExtensibilityGlobals) = postSolution
		SolutionGuid = {F05CF897-9888-4455-A953-31679D8BEE81}
	EndGlobalSection
EndGlobal
